
Microsoft Visual Studio Solution File, Format Version 12.00
# Visual Studio 2013
VisualStudioVersion = 12.0.21005.1
MinimumVisualStudioVersion = 10.0.40219.1
Project("{FAE04EC0-301F-11D3-BF4B-00C04F79EFBC}") = "FileImportProcessingUsingBusDefer.ConsoleClient", "FileImportProcessingUsingBusDefer.ConsoleClient\FileImportProcessingUsingBusDefer.ConsoleClient.csproj", "{22487C36-F0CE-45D4-B86B-90ADA52D3CED}"
EndProject
Project("{FAE04EC0-301F-11D3-BF4B-00C04F79EFBC}") = "FileImportProcessingUsingBusDefer.FileImportInsertionEndpoint", "FileImportProcessingUsingBusDefer.FileImportInsertionEndpoint\FileImportProcessingUsingBusDefer.FileImportInsertionEndpoint.csproj", "{94D1388B-BA3E-49F8-AA27-DDFFBCEEA181}"
EndProject
Project("{FAE04EC0-301F-11D3-BF4B-00C04F79EFBC}") = "FileImportProcessingUsingBusDefer.Conventions", "FileImportProcessingUsingBusDefer.Conventions\FileImportProcessingUsingBusDefer.Conventions.csproj", "{8A175017-0724-4C83-A560-7BFC81CA2F5B}"
EndProject
Project("{FAE04EC0-301F-11D3-BF4B-00C04F79EFBC}") = "FileImportProcessingUsingBusDefer.Messages", "FileImportProcessingUsingBusDefer.Messages\FileImportProcessingUsingBusDefer.Messages.csproj", "{0995F547-14BC-4706-A00F-719E48E8D2A5}"
EndProject
Project("{FAE04EC0-301F-11D3-BF4B-00C04F79EFBC}") = "FileImportProcessingUsingBusDefer.FileImportInitiatedEndpoint", "FileImportProcessingUsingBusDefer.FileImportInitiatedEndpoint\FileImportProcessingUsingBusDefer.FileImportInitiatedEndpoint.csproj", "{8115C121-F5C3-4B69-8459-D48643629018}"
EndProject
Project("{FAE04EC0-301F-11D3-BF4B-00C04F79EFBC}") = "FileImportProcessingUsingBusDefer.Data", "FileImportProcessingUsingBusDefer.Data\FileImportProcessingUsingBusDefer.Data.csproj", "{21224E6F-8931-4DE8-ADA2-AECB118CE436}"
EndProject
Project("{2150E333-8FDC-42A3-9474-1A3956D46DE8}") = "Solution Items", "Solution Items", "{6DA1B73F-63C3-422E-95E3-C60C6234355D}"
	ProjectSection(SolutionItems) = preProject
		readme.txt = readme.txt
	EndProjectSection
EndProject
Global
	GlobalSection(SolutionConfigurationPlatforms) = preSolution
		Debug|Any CPU = Debug|Any CPU
		Release|Any CPU = Release|Any CPU
	EndGlobalSection
	GlobalSection(ProjectConfigurationPlatforms) = postSolution
		{22487C36-F0CE-45D4-B86B-90ADA52D3CED}.Debug|Any CPU.ActiveCfg = Debug|Any CPU
		{22487C36-F0CE-45D4-B86B-90ADA52D3CED}.Debug|Any CPU.Build.0 = Debug|Any CPU
		{22487C36-F0CE-45D4-B86B-90ADA52D3CED}.Release|Any CPU.ActiveCfg = Release|Any CPU
		{22487C36-F0CE-45D4-B86B-90ADA52D3CED}.Release|Any CPU.Build.0 = Release|Any CPU
		{94D1388B-BA3E-49F8-AA27-DDFFBCEEA181}.Debug|Any CPU.ActiveCfg = Debug|Any CPU
		{94D1388B-BA3E-49F8-AA27-DDFFBCEEA181}.Debug|Any CPU.Build.0 = Debug|Any CPU
		{94D1388B-BA3E-49F8-AA27-DDFFBCEEA181}.Release|Any CPU.ActiveCfg = Release|Any CPU
		{94D1388B-BA3E-49F8-AA27-DDFFBCEEA181}.Release|Any CPU.Build.0 = Release|Any CPU
		{8A175017-0724-4C83-A560-7BFC81CA2F5B}.Debug|Any CPU.ActiveCfg = Debug|Any CPU
		{8A175017-0724-4C83-A560-7BFC81CA2F5B}.Debug|Any CPU.Build.0 = Debug|Any CPU
		{8A175017-0724-4C83-A560-7BFC81CA2F5B}.Release|Any CPU.ActiveCfg = Release|Any CPU
		{8A175017-0724-4C83-A560-7BFC81CA2F5B}.Release|Any CPU.Build.0 = Release|Any CPU
		{0995F547-14BC-4706-A00F-719E48E8D2A5}.Debug|Any CPU.ActiveCfg = Debug|Any CPU
		{0995F547-14BC-4706-A00F-719E48E8D2A5}.Debug|Any CPU.Build.0 = Debug|Any CPU
		{0995F547-14BC-4706-A00F-719E48E8D2A5}.Release|Any CPU.ActiveCfg = Release|Any CPU
		{0995F547-14BC-4706-A00F-719E48E8D2A5}.Release|Any CPU.Build.0 = Release|Any CPU
		{8115C121-F5C3-4B69-8459-D48643629018}.Debug|Any CPU.ActiveCfg = Debug|Any CPU
		{8115C121-F5C3-4B69-8459-D48643629018}.Debug|Any CPU.Build.0 = Debug|Any CPU
		{8115C121-F5C3-4B69-8459-D48643629018}.Release|Any CPU.ActiveCfg = Release|Any CPU
		{8115C121-F5C3-4B69-8459-D48643629018}.Release|Any CPU.Build.0 = Release|Any CPU
		{21224E6F-8931-4DE8-ADA2-AECB118CE436}.Debug|Any CPU.ActiveCfg = Debug|Any CPU
		{21224E6F-8931-4DE8-ADA2-AECB118CE436}.Debug|Any CPU.Build.0 = Debug|Any CPU
		{21224E6F-8931-4DE8-ADA2-AECB118CE436}.Release|Any CPU.ActiveCfg = Release|Any CPU
		{21224E6F-8931-4DE8-ADA2-AECB118CE436}.Release|Any CPU.Build.0 = Release|Any CPU
	EndGlobalSection
	GlobalSection(SolutionProperties) = preSolution
		HideSolutionNode = FALSE
	EndGlobalSection
EndGlobal
